
Microsoft Visual Studio Solution File, Format Version 12.00
# Visual Studio Version 16
VisualStudioVersion = 16.0.35026.282
MinimumVisualStudioVersion = 10.0.40219.1
Project("{8BC9CEB8-8B4A-11D0-8D11-00A0C91BC942}") = "Round Robin", "Round Robin.vcxproj", "{3302B520-35F6-4DF7-9DE5-00A7D8C478EA}"
EndProject
Global
	GlobalSection(SolutionConfigurationPlatforms) = preSolution
		Debug|x64 = Debug|x64
		Debug|x86 = Debug|x86
		Release|x64 = Release|x64
		Release|x86 = Release|x86
	EndGlobalSection
	GlobalSection(ProjectConfigurationPlatforms) = postSolution
		{3302B520-35F6-4DF7-9DE5-00A7D8C478EA}.Debug|x64.ActiveCfg = Debug|x64
		{3302B520-35F6-4DF7-9DE5-00A7D8C478EA}.Debug|x64.Build.0 = Debug|x64
		{3302B520-35F6-4DF7-9DE5-00A7D8C478EA}.Debug|x86.ActiveCfg = Debug|Win32
		{3302B520-35F6-4DF7-9DE5-00A7D8C478EA}.Debug|x86.Build.0 = Debug|Win32
		{3302B520-35F6-4DF7-9DE5-00A7D8C478EA}.Release|x64.ActiveCfg = Release|x64
		{3302B520-35F6-4DF7-9DE5-00A7D8C478EA}.Release|x64.Build.0 = Release|x64
		{3302B520-35F6-4DF7-9DE5-00A7D8C478EA}.Release|x86.ActiveCfg = Release|Win32
		{3302B520-35F6-4DF7-9DE5-00A7D8C478EA}.Release|x86.Build.0 = Release|Win32
	EndGlobalSection
	GlobalSection(SolutionProperties) = preSolution
		HideSolutionNode = FALSE
	EndGlobalSection
	GlobalSection(ExtensibilityGlobals) = postSolution
		SolutionGuid = {3352C51F-89ED-4497-B2D2-102DED66E058}
	EndGlobalSection
EndGlobal
